github.com/nolssmit/dog v0.0.0-20230904132008-953c5292569c h1:TnleF0XxMMkQpNOwVM6NO0+7NqnISwmMwJLcpjjj4C0=
github.com/nolssmit/dog v0.0.0-20230904132008-953c5292569c/go.mod h1:fboA1WmM6bBl1GmbkoU7BG00LwvDCcbeZcPCWcmxVCs=
github.com/nolssmit/puppy v0.0.0-20230908130124-6b8dc9596e9b h1:jkOxvkB5DlcouR5I5mxnSF6TPLvdCmp8ZALpm0Kk3nQ=
github.com/nolssmit/puppy v0.0.0-20230908130124-6b8dc9596e9b/go.mod h1:j3PW5NtlnGnb8Qjav4aQ6NUbB1xrhU4AEGnvTqwMJMk=
github.com/nolssmit/puppy v1.1.1-0.20231006140543-b9b122f401cd h1:AjMPoKTTUgm7/bvHvKQ6RSPL4x2/kdlIpauNhiYLgCg=
github.com/nolssmit/puppy v1.1.1-0.20231006140543-b9b122f401cd/go.mod h1:j3PW5NtlnGnb8Qjav4aQ6NUbB1xrhU4AEGnvTqwMJMk=
github.com/nolssmit/puppy v1.3.0 h1:2wrX5ko88bpT8HYH1kVUfUiVqehh1xq/NRhaaVwrw0w=
github.com/nolssmit/puppy v1.3.0/go.mod h1:j3PW5NtlnGnb8Qjav4aQ6NUbB1xrhU4AEGnvTqwMJMk=
