github.com/nolssmit/Golang/GolangPackages/quote v0.0.0-20241104105154-d87e14cdaed0 h1:j16BNLv7nmR5XkNejmrVCPJlXQFwKsXA9/KAjmLWPnQ=
github.com/nolssmit/Golang/GolangPackages/quote v0.0.0-20241104105154-d87e14cdaed0/go.mod h1:uakuGV3EU6Q6JW3WT/tAgxdoKzi9xWygFrhnydLUvR0=
github.com/nolssmit/Golang/GolangPackages/word v0.0.0-20241104105154-d87e14cdaed0 h1:+eOR+GyoqWSDIFFBarwbbx5qLbVw1208TFJslcCi/1U=
github.com/nolssmit/Golang/GolangPackages/word v0.0.0-20241104105154-d87e14cdaed0/go.mod h1:JVQkOKlZZBdQgBP/qXR59CrvxFYH3mn4bNLMjZOPuVU=
